# This file is automatically @generated by Poetry 1.6.1 and should not be changed by hand.

[[package]]
name = "neo4j"
version = "4.4.11"
description = "Neo4j Bolt driver for Python"
optional = false
python-versions = ">=3.6"
files = [
    {file = "neo4j-4.4.11.tar.gz", hash = "sha256:2fb4693d524e7661ed6b0ea5b4e3a6272dba2567809ecd1d63f1c896ebcfc241"},
]

[package.dependencies]
pytz = "*"

[[package]]
name = "pytz"
version = "2023.3"
description = "World timezone definitions, modern and historical"
optional = false
python-versions = "*"
files = [
    {file = "pytz-2023.3-py2.py3-none-any.whl", hash = "sha256:a151b3abb88eda1d4e34a9814df37de2a80e301e68ba0fd856fb9b46bfbbbffb"},
    {file = "pytz-2023.3.tar.gz", hash = "sha256:1d8ce29db189191fb55338ee6d0387d82ab59f3d00eac103412d64e0ebd0c588"},
]

[metadata]
lock-version = "2.0"
python-versions = "^3.11"
content-hash = "7e37aeb2fb0cd2c54f7cb11834ff6bff619b3621578724d7434214b3c89c703c"
